
Microsoft Visual Studio Solution File, Format Version 12.00
# Visual Studio Version 16
VisualStudioVersion = 16.0.29409.12
MinimumVisualStudioVersion = 10.0.40219.1
Project("{9A19103F-16F7-4668-BE54-9A1E7A4F7556}") = "AutomationTest - Examples", "AutomationTest - Examples\AutomationTest - Examples.csproj", "{27C1E214-975B-4A0F-B53A-07A1A56B7778}"
EndProject
Global
	GlobalSection(SolutionConfigurationPlatforms) = preSolution
		Debug|Any CPU = Debug|Any CPU
		Release|Any CPU = Release|Any CPU
	EndGlobalSection
	GlobalSection(ProjectConfigurationPlatforms) = postSolution
		{27C1E214-975B-4A0F-B53A-07A1A56B7778}.Debug|Any CPU.ActiveCfg = Debug|Any CPU
		{27C1E214-975B-4A0F-B53A-07A1A56B7778}.Debug|Any CPU.Build.0 = Debug|Any CPU
		{27C1E214-975B-4A0F-B53A-07A1A56B7778}.Release|Any CPU.ActiveCfg = Release|Any CPU
		{27C1E214-975B-4A0F-B53A-07A1A56B7778}.Release|Any CPU.Build.0 = Release|Any CPU
	EndGlobalSection
	GlobalSection(SolutionProperties) = preSolution
		HideSolutionNode = FALSE
	EndGlobalSection
	GlobalSection(ExtensibilityGlobals) = postSolution
		SolutionGuid = {A7D9E04B-2CD7-426A-94B0-C67659C7896C}
	EndGlobalSection
EndGlobal
